
Microsoft Visual Studio Solution File, Format Version 12.00
# Visual Studio 15
VisualStudioVersion = 15.0.28307.1340
MinimumVisualStudioVersion = 10.0.40219.1
Project("{FAE04EC0-301F-11D3-BF4B-00C04F79EFBC}") = "SOLID Prensipleri", "SOLID Prensipleri\SOLID Prensipleri.csproj", "{F43FBDFE-843E-4DD9-852F-3BE8E780FB5B}"
EndProject
Global
	GlobalSection(SolutionConfigurationPlatforms) = preSolution
		Debug|Any CPU = Debug|Any CPU
		Release|Any CPU = Release|Any CPU
	EndGlobalSection
	GlobalSection(ProjectConfigurationPlatforms) = postSolution
		{F43FBDFE-843E-4DD9-852F-3BE8E780FB5B}.Debug|Any CPU.ActiveCfg = Debug|Any CPU
		{F43FBDFE-843E-4DD9-852F-3BE8E780FB5B}.Debug|Any CPU.Build.0 = Debug|Any CPU
		{F43FBDFE-843E-4DD9-852F-3BE8E780FB5B}.Release|Any CPU.ActiveCfg = Release|Any CPU
		{F43FBDFE-843E-4DD9-852F-3BE8E780FB5B}.Release|Any CPU.Build.0 = Release|Any CPU
	EndGlobalSection
	GlobalSection(SolutionProperties) = preSolution
		HideSolutionNode = FALSE
	EndGlobalSection
	GlobalSection(ExtensibilityGlobals) = postSolution
		SolutionGuid = {E9B5725F-E8F4-47F3-85F1-722E30E731DE}
	EndGlobalSection
EndGlobal
